Microsoft Visual Studio Solution File, Format Version 11.00
# Visual Studio 2012
Project("{0B0AF4B7-89E3-A41C-16F2-366E50479092}") = "AirDrums", "AirDrums.vcxproj", "{A5E45DF5-47A7-75FD-22C4-D4DBFC303CC7}"
EndProject
Global
	GlobalSection(SolutionConfigurationPlatforms) = preSolution
		Debug|Win32 = Debug|Win32
		Release|Win32 = Release|Win32
	EndGlobalSection
	GlobalSection(ProjectConfigurationPlatforms) = postSolution
		{A5E45DF5-47A7-75FD-22C4-D4DBFC303CC7}.Debug|Win32.ActiveCfg = Debug|Win32
		{A5E45DF5-47A7-75FD-22C4-D4DBFC303CC7}.Debug|Win32.Build.0 = Debug|Win32
		{A5E45DF5-47A7-75FD-22C4-D4DBFC303CC7}.Release|Win32.ActiveCfg = Release|Win32
		{A5E45DF5-47A7-75FD-22C4-D4DBFC303CC7}.Release|Win32.Build.0 = Release|Win32
	EndGlobalSection
	GlobalSection(SolutionProperties) = preSolution
		HideSolutionNode = FALSE
	EndGlobalSection
EndGlobal
