// !$*UTF8*$!
{
	archiveVersion = 1;
	classes = {
	};
	objectVersion = 45;
	objects = {

/* Begin PBXBuildFile section */
		1DDD58160DA1D0A300B32029 /* MainMenu.xib in Resources */ = {isa = PBXBuildFile; fileRef = 1DDD58140DA1D0A300B32029 /* MainMenu.xib */; };
		395BE54C110E0C230025C266 /* OpenGL.framework in Frameworks */ = {isa = PBXBuildFile; fileRef = 395BE54B110E0C230025C266 /* OpenGL.framework */; };
		395BE56A110E12690025C266 /* GLUT.framework in Frameworks */ = {isa = PBXBuildFile; fileRef = 395BE569110E12690025C266 /* GLUT.framework */; };
		6600F6D5169689C900E2A391 /* HarpHUD.cpp in Sources */ = {isa = PBXBuildFile; fileRef = 6600F6D3169689C900E2A391 /* HarpHUD.cpp */; };
		6600F6DF16968D2000E2A391 /* Environment.cpp in Sources */ = {isa = PBXBuildFile; fileRef = 6600F6DB16968D2000E2A391 /* Environment.cpp */; };
		6600F6E016968D2000E2A391 /* HUD.cpp in Sources */ = {isa = PBXBuildFile; fileRef = 6600F6DD16968D2000E2A391 /* HUD.cpp */; };
		6600F6FA16968F3A00E2A391 /* GLBatch.cpp in Sources */ = {isa = PBXBuildFile; fileRef = 6600F6F416968F3A00E2A391 /* GLBatch.cpp */; };
		6600F6FB16968F3A00E2A391 /* glew.c in Sources */ = {isa = PBXBuildFile; fileRef = 6600F6F516968F3A00E2A391 /* glew.c */; };
		6600F6FC16968F3A00E2A391 /* GLShaderManager.cpp in Sources */ = {isa = PBXBuildFile; fileRef = 6600F6F616968F3A00E2A391 /* GLShaderManager.cpp */; };
		6600F6FD16968F3A00E2A391 /* GLTools.cpp in Sources */ = {isa = PBXBuildFile; fileRef = 6600F6F716968F3A00E2A391 /* GLTools.cpp */; };
		6600F6FE16968F3A00E2A391 /* GLTriangleBatch.cpp in Sources */ = {isa = PBXBuildFile; fileRef = 6600F6F816968F3A00E2A391 /* GLTriangleBatch.cpp */; };
		6600F6FF16968F3A00E2A391 /* math3d.cpp in Sources */ = {isa = PBXBuildFile; fileRef = 6600F6F916968F3A00E2A391 /* math3d.cpp */; };
		661445041693FE6900587C2D /* airharp-gltools.cpp in Sources */ = {isa = PBXBuildFile; fileRef = 661445031693FE6900587C2D /* airharp-gltools.cpp */; };
		661445051693FEFC00587C2D /* libLeap.dylib in CopyFiles */ = {isa = PBXBuildFile; fileRef = 66A42593168E4F2E009F3909 /* libLeap.dylib */; };
		661445441694037200587C2D /* AudioClient.cpp in Sources */ = {isa = PBXBuildFile; fileRef = 6614452A1694037200587C2D /* AudioClient.cpp */; };
		661445451694037200587C2D /* AudioServer.cpp in Sources */ = {isa = PBXBuildFile; fileRef = 6614452C1694037200587C2D /* AudioServer.cpp */; };
		661445461694037200587C2D /* Interpolators.cpp in Sources */ = {isa = PBXBuildFile; fileRef = 6614452E1694037200587C2D /* Interpolators.cpp */; };
		661445471694037200587C2D /* ParameterAPI.cpp in Sources */ = {isa = PBXBuildFile; fileRef = 661445321694037200587C2D /* ParameterAPI.cpp */; };
		661445481694037200587C2D /* Waveshaper.cpp in Sources */ = {isa = PBXBuildFile; fileRef = 661445381694037200587C2D /* Waveshaper.cpp */; };
		661445491694037200587C2D /* WindowFunction.cpp in Sources */ = {isa = PBXBuildFile; fileRef = 6614453A1694037200587C2D /* WindowFunction.cpp */; };
		6614454A1694037200587C2D /* chuck_fft.c in Sources */ = {isa = PBXBuildFile; fileRef = 6614453D1694037200587C2D /* chuck_fft.c */; };
		6614454B1694037200587C2D /* RtAudio.cpp in Sources */ = {isa = PBXBuildFile; fileRef = 6614453F1694037200587C2D /* RtAudio.cpp */; };
		66144552169406A700587C2D /* CoreAudio.framework in Frameworks */ = {isa = PBXBuildFile; fileRef = 66144551169406A700587C2D /* CoreAudio.framework */; };
		66144555169406D500587C2D /* CoreMIDI.framework in Frameworks */ = {isa = PBXBuildFile; fileRef = 66144553169406D500587C2D /* CoreMIDI.framework */; };
		66144556169406D500587C2D /* CoreFoundation.framework in Frameworks */ = {isa = PBXBuildFile; fileRef = 66144554169406D500587C2D /* CoreFoundation.framework */; };
		66144559169407A800587C2D /* Harp.cpp in Sources */ = {isa = PBXBuildFile; fileRef = 66144557169407A800587C2D /* Harp.cpp */; };
		66A11BC2169FC2B1004C521E /* FingerView.cpp in Sources */ = {isa = PBXBuildFile; fileRef = 66A11BC0169FC2B1004C521E /* FingerView.cpp */; };
		66A11BC6169FCB6C004C521E /* GfxTools.cpp in Sources */ = {isa = PBXBuildFile; fileRef = 66A11BC4169FCB6C004C521E /* GfxTools.cpp */; };
		66A11BC9169FCF05004C521E /* StringView.cpp in Sources */ = {isa = PBXBuildFile; fileRef = 66A11BC7169FCF05004C521E /* StringView.cpp */; };
		66A42594168E4F2E009F3909 /* libLeap.dylib in Frameworks */ = {isa = PBXBuildFile; fileRef = 66A42593168E4F2E009F3909 /* libLeap.dylib */; };
		8D11072B0486CEB800E47090 /* InfoPlist.strings in Resources */ = {isa = PBXBuildFile; fileRef = 089C165CFE840E0CC02AAC07 /* InfoPlist.strings */; };
		8D11072F0486CEB800E47090 /* Cocoa.framework in Frameworks */ = {isa = PBXBuildFile; fileRef = 1058C7A1FEA54F0111CA2CBB /* Cocoa.framework */; };
/* End PBXBuildFile section */

/* Begin PBXCopyFilesBuildPhase section */
		66A42595168E4FCE009F3909 /* CopyFiles */ = {
			isa = PBXCopyFilesBuildPhase;
			buildActionMask = 2147483647;
			dstPath = "";
			dstSubfolderSpec = 16;
			files = (
				661445051693FEFC00587C2D /* libLeap.dylib in CopyFiles */,
			);
			runOnlyForDeploymentPostprocessing = 0;
		};
/* End PBXCopyFilesBuildPhase section */

/* Begin PBXFileReference section */
		089C165DFE840E0CC02AAC07 /* English */ = {isa = PBXFileReference; fileEncoding = 4; lastKnownFileType = text.plist.strings; name = English; path = English.lproj/InfoPlist.strings; sourceTree = "<group>"; };
		1058C7A1FEA54F0111CA2CBB /* Cocoa.framework */ = {isa = PBXFileReference; lastKnownFileType = wrapper.framework; name = Cocoa.framework; path = /System/Library/Frameworks/Cocoa.framework; sourceTree = "<absolute>"; };
		13E42FB307B3F0F600E4EEF1 /* CoreData.framework */ = {isa = PBXFileReference; lastKnownFileType = wrapper.framework; name = CoreData.framework; path = /System/Library/Frameworks/CoreData.framework; sourceTree = "<absolute>"; };
		1DDD58150DA1D0A300B32029 /* English */ = {isa = PBXFileReference; lastKnownFileType = file.xib; name = English; path = English.lproj/MainMenu.xib; sourceTree = "<group>"; };
		256AC3F00F4B6AF500CF3369 /* AirHarp_Prefix.pch */ = {isa = PBXFileReference; fileEncoding = 4; lastKnownFileType = sourcecode.c.h; path = AirHarp_Prefix.pch; sourceTree = "<group>"; };
		29B97324FDCFA39411CA2CEA /* AppKit.framework */ = {isa = PBXFileReference; lastKnownFileType = wrapper.framework; name = AppKit.framework; path = /System/Library/Frameworks/AppKit.framework; sourceTree = "<absolute>"; };
		29B97325FDCFA39411CA2CEA /* Foundation.framework */ = {isa = PBXFileReference; lastKnownFileType = wrapper.framework; name = Foundation.framework; path = /System/Library/Frameworks/Foundation.framework; sourceTree = "<absolute>"; };
		395BE54B110E0C230025C266 /* OpenGL.framework */ = {isa = PBXFileReference; lastKnownFileType = wrapper.framework; name = OpenGL.framework; path = System/Library/Frameworks/OpenGL.framework; sourceTree = SDKROOT; };
		395BE569110E12690025C266 /* GLUT.framework */ = {isa = PBXFileReference; lastKnownFileType = wrapper.framework; name = GLUT.framework; path = System/Library/Frameworks/GLUT.framework; sourceTree = SDKROOT; };
		6600F6D3169689C900E2A391 /* HarpHUD.cpp */ = {isa = PBXFileReference; fileEncoding = 4; lastKnownFileType = sourcecode.cpp.cpp; path = HarpHUD.cpp; sourceTree = "<group>"; };
		6600F6D4169689C900E2A391 /* HarpHUD.h */ = {isa = PBXFileReference; fileEncoding = 4; lastKnownFileType = sourcecode.c.h; path = HarpHUD.h; sourceTree = "<group>"; };
		6600F6DB16968D2000E2A391 /* Environment.cpp */ = {isa = PBXFileReference; fileEncoding = 4; lastKnownFileType = sourcecode.cpp.cpp; name = Environment.cpp; path = ../common/Environment.cpp; sourceTree = "<group>"; };
		6600F6DC16968D2000E2A391 /* Environment.h */ = {isa = PBXFileReference; fileEncoding = 4; lastKnownFileType = sourcecode.c.h; name = Environment.h; path = ../common/Environment.h; sourceTree = "<group>"; };
		6600F6DD16968D2000E2A391 /* HUD.cpp */ = {isa = PBXFileReference; fileEncoding = 4; lastKnownFileType = sourcecode.cpp.cpp; name = HUD.cpp; path = ../common/HUD.cpp; sourceTree = "<group>"; };
		6600F6DE16968D2000E2A391 /* HUD.h */ = {isa = PBXFileReference; fileEncoding = 4; lastKnownFileType = sourcecode.c.h; name = HUD.h; path = ../common/HUD.h; sourceTree = "<group>"; };
		6600F6E516968F3A00E2A391 /* glew.h */ = {isa = PBXFileReference; fileEncoding = 4; lastKnownFileType = sourcecode.c.h; path = glew.h; sourceTree = "<group>"; };
		6600F6E616968F3A00E2A391 /* glxew.h */ = {isa = PBXFileReference; fileEncoding = 4; lastKnownFileType = sourcecode.c.h; path = glxew.h; sourceTree = "<group>"; };
		6600F6E716968F3A00E2A391 /* wglew.h */ = {isa = PBXFileReference; fileEncoding = 4; lastKnownFileType = sourcecode.c.h; path = wglew.h; sourceTree = "<group>"; };
		6600F6E816968F3A00E2A391 /* GLBatch.h */ = {isa = PBXFileReference; fileEncoding = 4; lastKnownFileType = sourcecode.c.h; path = GLBatch.h; sourceTree = "<group>"; };
		6600F6E916968F3A00E2A391 /* GLBatchBase.h */ = {isa = PBXFileReference; fileEncoding = 4; lastKnownFileType = sourcecode.c.h; path = GLBatchBase.h; sourceTree = "<group>"; };
		6600F6EA16968F3A00E2A391 /* GLFrame.h */ = {isa = PBXFileReference; fileEncoding = 4; lastKnownFileType = sourcecode.c.h; path = GLFrame.h; sourceTree = "<group>"; };
		6600F6EB16968F3A00E2A391 /* GLFrustum.h */ = {isa = PBXFileReference; fileEncoding = 4; lastKnownFileType = sourcecode.c.h; path = GLFrustum.h; sourceTree = "<group>"; };
		6600F6EC16968F3A00E2A391 /* GLGeometryTransform.h */ = {isa = PBXFileReference; fileEncoding = 4; lastKnownFileType = sourcecode.c.h; path = GLGeometryTransform.h; sourceTree = "<group>"; };
		6600F6ED16968F3A00E2A391 /* GLMatrixStack.h */ = {isa = PBXFileReference; fileEncoding = 4; lastKnownFileType = sourcecode.c.h; path = GLMatrixStack.h; sourceTree = "<group>"; };
		6600F6EE16968F3A00E2A391 /* GLShaderManager.h */ = {isa = PBXFileReference; fileEncoding = 4; lastKnownFileType = sourcecode.c.h; path = GLShaderManager.h; sourceTree = "<group>"; };
		6600F6EF16968F3A00E2A391 /* GLTools.h */ = {isa = PBXFileReference; fileEncoding = 4; lastKnownFileType = sourcecode.c.h; path = GLTools.h; sourceTree = "<group>"; };
		6600F6F016968F3A00E2A391 /* GLTriangleBatch.h */ = {isa = PBXFileReference; fileEncoding = 4; lastKnownFileType = sourcecode.c.h; path = GLTriangleBatch.h; sourceTree = "<group>"; };
		6600F6F116968F3A00E2A391 /* math3d.h */ = {isa = PBXFileReference; fileEncoding = 4; lastKnownFileType = sourcecode.c.h; path = math3d.h; sourceTree = "<group>"; };
		6600F6F216968F3A00E2A391 /* StopWatch.h */ = {isa = PBXFileReference; fileEncoding = 4; lastKnownFileType = sourcecode.c.h; path = StopWatch.h; sourceTree = "<group>"; };
		6600F6F416968F3A00E2A391 /* GLBatch.cpp */ = {isa = PBXFileReference; fileEncoding = 4; lastKnownFileType = sourcecode.cpp.cpp; path = GLBatch.cpp; sourceTree = "<group>"; };
		6600F6F516968F3A00E2A391 /* glew.c */ = {isa = PBXFileReference; fileEncoding = 4; lastKnownFileType = sourcecode.c.c; path = glew.c; sourceTree = "<group>"; };
		6600F6F616968F3A00E2A391 /* GLShaderManager.cpp */ = {isa = PBXFileReference; fileEncoding = 4; lastKnownFileType = sourcecode.cpp.cpp; path = GLShaderManager.cpp; sourceTree = "<group>"; };
		6600F6F716968F3A00E2A391 /* GLTools.cpp */ = {isa = PBXFileReference; fileEncoding = 4; lastKnownFileType = sourcecode.cpp.cpp; path = GLTools.cpp; sourceTree = "<group>"; };
		6600F6F816968F3A00E2A391 /* GLTriangleBatch.cpp */ = {isa = PBXFileReference; fileEncoding = 4; lastKnownFileType = sourcecode.cpp.cpp; path = GLTriangleBatch.cpp; sourceTree = "<group>"; };
		6600F6F916968F3A00E2A391 /* math3d.cpp */ = {isa = PBXFileReference; fileEncoding = 4; lastKnownFileType = sourcecode.cpp.cpp; path = math3d.cpp; sourceTree = "<group>"; };
		661445031693FE6900587C2D /* airharp-gltools.cpp */ = {isa = PBXFileReference; fileEncoding = 4; lastKnownFileType = sourcecode.cpp.cpp; path = "airharp-gltools.cpp"; sourceTree = "<group>"; };
		6614452A1694037200587C2D /* AudioClient.cpp */ = {isa = PBXFileReference; fileEncoding = 4; lastKnownFileType = sourcecode.cpp.cpp; path = AudioClient.cpp; sourceTree = "<group>"; };
		6614452B1694037200587C2D /* AudioClient.h */ = {isa = PBXFileReference; fileEncoding = 4; lastKnownFileType = sourcecode.c.h; path = AudioClient.h; sourceTree = "<group>"; };
		6614452C1694037200587C2D /* AudioServer.cpp */ = {isa = PBXFileReference; fileEncoding = 4; lastKnownFileType = sourcecode.cpp.cpp; path = AudioServer.cpp; sourceTree = "<group>"; };
		6614452D1694037200587C2D /* AudioServer.h */ = {isa = PBXFileReference; fileEncoding = 4; lastKnownFileType = sourcecode.c.h; path = AudioServer.h; sourceTree = "<group>"; };
		6614452E1694037200587C2D /* Interpolators.cpp */ = {isa = PBXFileReference; fileEncoding = 4; lastKnownFileType = sourcecode.cpp.cpp; path = Interpolators.cpp; sourceTree = "<group>"; };
		6614452F1694037200587C2D /* Interpolators.h */ = {isa = PBXFileReference; fileEncoding = 4; lastKnownFileType = sourcecode.c.h; path = Interpolators.h; sourceTree = "<group>"; };
		661445301694037200587C2D /* MathHelpers.h */ = {isa = PBXFileReference; fileEncoding = 4; lastKnownFileType = sourcecode.c.h; path = MathHelpers.h; sourceTree = "<group>"; };
		661445311694037200587C2D /* MidiServer.h */ = {isa = PBXFileReference; fileEncoding = 4; lastKnownFileType = sourcecode.c.h; path = MidiServer.h; sourceTree = "<group>"; };
		661445321694037200587C2D /* ParameterAPI.cpp */ = {isa = PBXFileReference; fileEncoding = 4; lastKnownFileType = sourcecode.cpp.cpp; path = ParameterAPI.cpp; sourceTree = "<group>"; };
		661445331694037200587C2D /* ParameterAPI.h */ = {isa = PBXFileReference; fileEncoding = 4; lastKnownFileType = sourcecode.c.h; path = ParameterAPI.h; sourceTree = "<group>"; };
		661445341694037200587C2D /* Poly.h */ = {isa = PBXFileReference; fileEncoding = 4; lastKnownFileType = sourcecode.c.h; path = Poly.h; sourceTree = "<group>"; };
		661445351694037200587C2D /* SignalGenerators.h */ = {isa = PBXFileReference; fileEncoding = 4; indentWidth = 3; lastKnownFileType = sourcecode.c.h; path = SignalGenerators.h; sourceTree = "<group>"; tabWidth = 3; };
		661445361694037200587C2D /* TypingKeyboard.h */ = {isa = PBXFileReference; fileEncoding = 4; lastKnownFileType = sourcecode.c.h; path = TypingKeyboard.h; sourceTree = "<group>"; };
		661445371694037200587C2D /* Voices.h */ = {isa = PBXFileReference; fileEncoding = 4; lastKnownFileType = sourcecode.c.h; path = Voices.h; sourceTree = "<group>"; };
		661445381694037200587C2D /* Waveshaper.cpp */ = {isa = PBXFileReference; fileEncoding = 4; lastKnownFileType = sourcecode.cpp.cpp; path = Waveshaper.cpp; sourceTree = "<group>"; };
		661445391694037200587C2D /* Waveshaper.h */ = {isa = PBXFileReference; fileEncoding = 4; lastKnownFileType = sourcecode.c.h; path = Waveshaper.h; sourceTree = "<group>"; };
		6614453A1694037200587C2D /* WindowFunction.cpp */ = {isa = PBXFileReference; fileEncoding = 4; lastKnownFileType = sourcecode.cpp.cpp; path = WindowFunction.cpp; sourceTree = "<group>"; };
		6614453B1694037200587C2D /* WindowFunction.h */ = {isa = PBXFileReference; fileEncoding = 4; lastKnownFileType = sourcecode.c.h; path = WindowFunction.h; sourceTree = "<group>"; };
		6614453D1694037200587C2D /* chuck_fft.c */ = {isa = PBXFileReference; fileEncoding = 4; lastKnownFileType = sourcecode.c.c; path = chuck_fft.c; sourceTree = "<group>"; };
		6614453E1694037200587C2D /* chuck_fft.h */ = {isa = PBXFileReference; fileEncoding = 4; lastKnownFileType = sourcecode.c.h; path = chuck_fft.h; sourceTree = "<group>"; };
		6614453F1694037200587C2D /* RtAudio.cpp */ = {isa = PBXFileReference; fileEncoding = 4; lastKnownFileType = sourcecode.cpp.cpp; path = RtAudio.cpp; sourceTree = "<group>"; };
		661445401694037200587C2D /* RtAudio.h */ = {isa = PBXFileReference; fileEncoding = 4; lastKnownFileType = sourcecode.c.h; path = RtAudio.h; sourceTree = "<group>"; };
		661445411694037200587C2D /* RtError.h */ = {isa = PBXFileReference; fileEncoding = 4; lastKnownFileType = sourcecode.c.h; path = RtError.h; sourceTree = "<group>"; };
		661445421694037200587C2D /* RtMidi.cpp */ = {isa = PBXFileReference; fileEncoding = 4; lastKnownFileType = sourcecode.cpp.cpp; path = RtMidi.cpp; sourceTree = "<group>"; };
		661445431694037200587C2D /* RtMidi.h */ = {isa = PBXFileReference; fileEncoding = 4; lastKnownFileType = sourcecode.c.h; path = RtMidi.h; sourceTree = "<group>"; };
		66144551169406A700587C2D /* CoreAudio.framework */ = {isa = PBXFileReference; lastKnownFileType = wrapper.framework; name = CoreAudio.framework; path = Platforms/MacOSX.platform/Developer/SDKs/MacOSX10.7.sdk/System/Library/Frameworks/CoreAudio.framework; sourceTree = DEVELOPER_DIR; };
		66144553169406D500587C2D /* CoreMIDI.framework */ = {isa = PBXFileReference; lastKnownFileType = wrapper.framework; name = CoreMIDI.framework; path = Platforms/MacOSX.platform/Developer/SDKs/MacOSX10.7.sdk/System/Library/Frameworks/CoreMIDI.framework; sourceTree = DEVELOPER_DIR; };
		66144554169406D500587C2D /* CoreFoundation.framework */ = {isa = PBXFileReference; lastKnownFileType = wrapper.framework; name = CoreFoundation.framework; path = Platforms/MacOSX.platform/Developer/SDKs/MacOSX10.7.sdk/System/Library/Frameworks/CoreFoundation.framework; sourceTree = DEVELOPER_DIR; };
		66144557169407A800587C2D /* Harp.cpp */ = {isa = PBXFileReference; fileEncoding = 4; lastKnownFileType = sourcecode.cpp.cpp; path = Harp.cpp; sourceTree = "<group>"; };
		66144558169407A800587C2D /* Harp.h */ = {isa = PBXFileReference; fileEncoding = 4; lastKnownFileType = sourcecode.c.h; path = Harp.h; sourceTree = "<group>"; };
		66A11BC0169FC2B1004C521E /* FingerView.cpp */ = {isa = PBXFileReference; fileEncoding = 4; lastKnownFileType = sourcecode.cpp.cpp; name = FingerView.cpp; path = ../common/FingerView.cpp; sourceTree = "<group>"; };
		66A11BC1169FC2B1004C521E /* FingerView.h */ = {isa = PBXFileReference; fileEncoding = 4; lastKnownFileType = sourcecode.c.h; name = FingerView.h; path = ../common/FingerView.h; sourceTree = "<group>"; };
		66A11BC4169FCB6C004C521E /* GfxTools.cpp */ = {isa = PBXFileReference; fileEncoding = 4; lastKnownFileType = sourcecode.cpp.cpp; name = GfxTools.cpp; path = ../common/GfxTools.cpp; sourceTree = "<group>"; };
		66A11BC5169FCB6C004C521E /* GfxTools.h */ = {isa = PBXFileReference; fileEncoding = 4; lastKnownFileType = sourcecode.c.h; name = GfxTools.h; path = ../common/GfxTools.h; sourceTree = "<group>"; };
		66A11BC7169FCF05004C521E /* StringView.cpp */ = {isa = PBXFileReference; fileEncoding = 4; lastKnownFileType = sourcecode.cpp.cpp; path = StringView.cpp; sourceTree = "<group>"; };
		66A11BC8169FCF05004C521E /* StringView.h */ = {isa = PBXFileReference; fileEncoding = 4; lastKnownFileType = sourcecode.c.h; path = StringView.h; sourceTree = "<group>"; };
		66A42593168E4F2E009F3909 /* libLeap.dylib */ = {isa = PBXFileReference; lastKnownFileType = "compiled.mach-o.dylib"; name = libLeap.dylib; path = ../../Leap_SDK/lib/libLeap.dylib; sourceTree = "<group>"; };
		8D1107310486CEB800E47090 /* AirHarp-Info.plist */ = {isa = PBXFileReference; fileEncoding = 4; lastKnownFileType = text.plist.xml; path = "AirHarp-Info.plist"; sourceTree = "<group>"; };
		8D1107320486CEB800E47090 /* AirHarp.app */ = {isa = PBXFileReference; explicitFileType = wrapper.application; includeInIndex = 0; path = AirHarp.app; sourceTree = BUILT_PRODUCTS_DIR; };
/* End PBXFileReference section */

/* Begin PBXFrameworksBuildPhase section */
		8D11072E0486CEB800E47090 /* Frameworks */ = {
			isa = PBXFrameworksBuildPhase;
			buildActionMask = 2147483647;
			files = (
				8D11072F0486CEB800E47090 /* Cocoa.framework in Frameworks */,
				66A42594168E4F2E009F3909 /* libLeap.dylib in Frameworks */,
				395BE54C110E0C230025C266 /* OpenGL.framework in Frameworks */,
				395BE56A110E12690025C266 /* GLUT.framework in Frameworks */,
				66144552169406A700587C2D /* CoreAudio.framework in Frameworks */,
				66144555169406D500587C2D /* CoreMIDI.framework in Frameworks */,
				66144556169406D500587C2D /* CoreFoundation.framework in Frameworks */,
			);
			runOnlyForDeploymentPostprocessing = 0;
		};
/* End PBXFrameworksBuildPhase section */

/* Begin PBXGroup section */
		1058C7A0FEA54F0111CA2CBB /* Linked Frameworks */ = {
			isa = PBXGroup;
			children = (
				1058C7A1FEA54F0111CA2CBB /* Cocoa.framework */,
			);
			name = "Linked Frameworks";
			sourceTree = "<group>";
		};
		1058C7A2FEA54F0111CA2CBB /* Other Frameworks */ = {
			isa = PBXGroup;
			children = (
				66144553169406D500587C2D /* CoreMIDI.framework */,
				66144554169406D500587C2D /* CoreFoundation.framework */,
				66144551169406A700587C2D /* CoreAudio.framework */,
				29B97324FDCFA39411CA2CEA /* AppKit.framework */,
				13E42FB307B3F0F600E4EEF1 /* CoreData.framework */,
				29B97325FDCFA39411CA2CEA /* Foundation.framework */,
			);
			name = "Other Frameworks";
			sourceTree = "<group>";
		};
		19C28FACFE9D520D11CA2CBB /* Products */ = {
			isa = PBXGroup;
			children = (
				8D1107320486CEB800E47090 /* AirHarp.app */,
			);
			name = Products;
			sourceTree = "<group>";
		};
		29B97314FDCFA39411CA2CEA /* Smoother */ = {
			isa = PBXGroup;
			children = (
				29B97315FDCFA39411CA2CEA /* AirHarp */,
				6600F6E116968EB100E2A391 /* common */,
				6600F6E216968F3A00E2A391 /* GLTools */,
				661445241694032300587C2D /* muskit */,
				29B97317FDCFA39411CA2CEA /* Resources */,
				29B97323FDCFA39411CA2CEA /* Frameworks */,
				19C28FACFE9D520D11CA2CBB /* Products */,
			);
			name = Smoother;
			sourceTree = "<group>";
		};
		29B97315FDCFA39411CA2CEA /* AirHarp */ = {
			isa = PBXGroup;
			children = (
				661445031693FE6900587C2D /* airharp-gltools.cpp */,
				256AC3F00F4B6AF500CF3369 /* AirHarp_Prefix.pch */,
				66144557169407A800587C2D /* Harp.cpp */,
				66144558169407A800587C2D /* Harp.h */,
				6600F6D3169689C900E2A391 /* HarpHUD.cpp */,
				6600F6D4169689C900E2A391 /* HarpHUD.h */,
				66A11BC7169FCF05004C521E /* StringView.cpp */,
				66A11BC8169FCF05004C521E /* StringView.h */,
			);
			name = AirHarp;
			sourceTree = "<group>";
		};
		29B97317FDCFA39411CA2CEA /* Resources */ = {
			isa = PBXGroup;
			children = (
				8D1107310486CEB800E47090 /* AirHarp-Info.plist */,
				089C165CFE840E0CC02AAC07 /* InfoPlist.strings */,
				1DDD58140DA1D0A300B32029 /* MainMenu.xib */,
			);
			name = Resources;
			sourceTree = "<group>";
		};
		29B97323FDCFA39411CA2CEA /* Frameworks */ = {
			isa = PBXGroup;
			children = (
				66A42593168E4F2E009F3909 /* libLeap.dylib */,
				1058C7A0FEA54F0111CA2CBB /* Linked Frameworks */,
				1058C7A2FEA54F0111CA2CBB /* Other Frameworks */,
				395BE54B110E0C230025C266 /* OpenGL.framework */,
				395BE569110E12690025C266 /* GLUT.framework */,
			);
			name = Frameworks;
			sourceTree = "<group>";
		};
		6600F6E116968EB100E2A391 /* common */ = {
			isa = PBXGroup;
			children = (
				6600F6DB16968D2000E2A391 /* Environment.cpp */,
				6600F6DC16968D2000E2A391 /* Environment.h */,
				6600F6DD16968D2000E2A391 /* HUD.cpp */,
				6600F6DE16968D2000E2A391 /* HUD.h */,
				66A11BC0169FC2B1004C521E /* FingerView.cpp */,
				66A11BC1169FC2B1004C521E /* FingerView.h */,
				66A11BC4169FCB6C004C521E /* GfxTools.cpp */,
				66A11BC5169FCB6C004C521E /* GfxTools.h */,
			);
			name = common;
			sourceTree = "<group>";
		};
		6600F6E216968F3A00E2A391 /* GLTools */ = {
			isa = PBXGroup;
			children = (
				6600F6E316968F3A00E2A391 /* include */,
				6600F6F316968F3A00E2A391 /* src */,
			);
			name = GLTools;
			path = ../GLTools;
			sourceTree = "<group>";
		};
		6600F6E316968F3A00E2A391 /* include */ = {
			isa = PBXGroup;
			children = (
				6600F6E416968F3A00E2A391 /* GL */,
				6600F6E816968F3A00E2A391 /* GLBatch.h */,
				6600F6E916968F3A00E2A391 /* GLBatchBase.h */,
				6600F6EA16968F3A00E2A391 /* GLFrame.h */,
				6600F6EB16968F3A00E2A391 /* GLFrustum.h */,
				6600F6EC16968F3A00E2A391 /* GLGeometryTransform.h */,
				6600F6ED16968F3A00E2A391 /* GLMatrixStack.h */,
				6600F6EE16968F3A00E2A391 /* GLShaderManager.h */,
				6600F6EF16968F3A00E2A391 /* GLTools.h */,
				6600F6F016968F3A00E2A391 /* GLTriangleBatch.h */,
				6600F6F116968F3A00E2A391 /* math3d.h */,
				6600F6F216968F3A00E2A391 /* StopWatch.h */,
			);
			path = include;
			sourceTree = "<group>";
		};
		6600F6E416968F3A00E2A391 /* GL */ = {
			isa = PBXGroup;
			children = (
				6600F6E516968F3A00E2A391 /* glew.h */,
				6600F6E616968F3A00E2A391 /* glxew.h */,
				6600F6E716968F3A00E2A391 /* wglew.h */,
			);
			path = GL;
			sourceTree = "<group>";
		};
		6600F6F316968F3A00E2A391 /* src */ = {
			isa = PBXGroup;
			children = (
				6600F6F416968F3A00E2A391 /* GLBatch.cpp */,
				6600F6F516968F3A00E2A391 /* glew.c */,
				6600F6F616968F3A00E2A391 /* GLShaderManager.cpp */,
				6600F6F716968F3A00E2A391 /* GLTools.cpp */,
				6600F6F816968F3A00E2A391 /* GLTriangleBatch.cpp */,
				6600F6F916968F3A00E2A391 /* math3d.cpp */,
			);
			path = src;
			sourceTree = "<group>";
		};
		661445241694032300587C2D /* muskit */ = {
			isa = PBXGroup;
			children = (
				661445291694037200587C2D /* src */,
				6614453C1694037200587C2D /* ThirdParty */,
			);
			name = muskit;
			sourceTree = "<group>";
		};
		661445291694037200587C2D /* src */ = {
			isa = PBXGroup;
			children = (
				6614452A1694037200587C2D /* AudioClient.cpp */,
				6614452B1694037200587C2D /* AudioClient.h */,
				6614452C1694037200587C2D /* AudioServer.cpp */,
				6614452D1694037200587C2D /* AudioServer.h */,
				6614452E1694037200587C2D /* Interpolators.cpp */,
				6614452F1694037200587C2D /* Interpolators.h */,
				661445301694037200587C2D /* MathHelpers.h */,
				661445311694037200587C2D /* MidiServer.h */,
				661445321694037200587C2D /* ParameterAPI.cpp */,
				661445331694037200587C2D /* ParameterAPI.h */,
				661445341694037200587C2D /* Poly.h */,
				661445351694037200587C2D /* SignalGenerators.h */,
				661445361694037200587C2D /* TypingKeyboard.h */,
				661445371694037200587C2D /* Voices.h */,
				661445381694037200587C2D /* Waveshaper.cpp */,
				661445391694037200587C2D /* Waveshaper.h */,
				6614453A1694037200587C2D /* WindowFunction.cpp */,
				6614453B1694037200587C2D /* WindowFunction.h */,
			);
			name = src;
			path = ../../muskit/src;
			sourceTree = "<group>";
		};
		6614453C1694037200587C2D /* ThirdParty */ = {
			isa = PBXGroup;
			children = (
				6614453D1694037200587C2D /* chuck_fft.c */,
				6614453E1694037200587C2D /* chuck_fft.h */,
				6614453F1694037200587C2D /* RtAudio.cpp */,
				661445401694037200587C2D /* RtAudio.h */,
				661445411694037200587C2D /* RtError.h */,
				661445421694037200587C2D /* RtMidi.cpp */,
				661445431694037200587C2D /* RtMidi.h */,
			);
			name = ThirdParty;
			path = ../../muskit/ThirdParty;
			sourceTree = "<group>";
		};
/* End PBXGroup section */

/* Begin PBXNativeTarget section */
		8D1107260486CEB800E47090 /* AirHarp */ = {
			isa = PBXNativeTarget;
			buildConfigurationList = C01FCF4A08A954540054247B /* Build configuration list for PBXNativeTarget "AirHarp" */;
			buildPhases = (
				8D1107290486CEB800E47090 /* Resources */,
				8D11072C0486CEB800E47090 /* Sources */,
				8D11072E0486CEB800E47090 /* Frameworks */,
				66A42595168E4FCE009F3909 /* CopyFiles */,
			);
			buildRules = (
			);
			dependencies = (
			);
			name = AirHarp;
			productInstallPath = "$(HOME)/Applications";
			productName = Smoother;
			productReference = 8D1107320486CEB800E47090 /* AirHarp.app */;
			productType = "com.apple.product-type.application";
		};
/* End PBXNativeTarget section */

/* Begin PBXProject section */
		29B97313FDCFA39411CA2CEA /* Project object */ = {
			isa = PBXProject;
			buildConfigurationList = C01FCF4E08A954540054247B /* Build configuration list for PBXProject "AirHarp" */;
			compatibilityVersion = "Xcode 3.1";
			developmentRegion = English;
			hasScannedForEncodings = 1;
			knownRegions = (
				en,
			);
			mainGroup = 29B97314FDCFA39411CA2CEA /* Smoother */;
			projectDirPath = "";
			projectRoot = "";
			targets = (
				8D1107260486CEB800E47090 /* AirHarp */,
			);
		};
/* End PBXProject section */

/* Begin PBXResourcesBuildPhase section */
		8D1107290486CEB800E47090 /* Resources */ = {
			isa = PBXResourcesBuildPhase;
			buildActionMask = 2147483647;
			files = (
				8D11072B0486CEB800E47090 /* InfoPlist.strings in Resources */,
				1DDD58160DA1D0A300B32029 /* MainMenu.xib in Resources */,
			);
			runOnlyForDeploymentPostprocessing = 0;
		};
/* End PBXResourcesBuildPhase section */

/* Begin PBXSourcesBuildPhase section */
		8D11072C0486CEB800E47090 /* Sources */ = {
			isa = PBXSourcesBuildPhase;
			buildActionMask = 2147483647;
			files = (
				661445041693FE6900587C2D /* airharp-gltools.cpp in Sources */,
				661445441694037200587C2D /* AudioClient.cpp in Sources */,
				661445451694037200587C2D /* AudioServer.cpp in Sources */,
				661445461694037200587C2D /* Interpolators.cpp in Sources */,
				661445471694037200587C2D /* ParameterAPI.cpp in Sources */,
				661445481694037200587C2D /* Waveshaper.cpp in Sources */,
				661445491694037200587C2D /* WindowFunction.cpp in Sources */,
				6614454A1694037200587C2D /* chuck_fft.c in Sources */,
				6614454B1694037200587C2D /* RtAudio.cpp in Sources */,
				66144559169407A800587C2D /* Harp.cpp in Sources */,
				6600F6D5169689C900E2A391 /* HarpHUD.cpp in Sources */,
				6600F6DF16968D2000E2A391 /* Environment.cpp in Sources */,
				6600F6E016968D2000E2A391 /* HUD.cpp in Sources */,
				6600F6FA16968F3A00E2A391 /* GLBatch.cpp in Sources */,
				6600F6FB16968F3A00E2A391 /* glew.c in Sources */,
				6600F6FC16968F3A00E2A391 /* GLShaderManager.cpp in Sources */,
				6600F6FD16968F3A00E2A391 /* GLTools.cpp in Sources */,
				6600F6FE16968F3A00E2A391 /* GLTriangleBatch.cpp in Sources */,
				6600F6FF16968F3A00E2A391 /* math3d.cpp in Sources */,
				66A11BC2169FC2B1004C521E /* FingerView.cpp in Sources */,
				66A11BC6169FCB6C004C521E /* GfxTools.cpp in Sources */,
				66A11BC9169FCF05004C521E /* StringView.cpp in Sources */,
			);
			runOnlyForDeploymentPostprocessing = 0;
		};
/* End PBXSourcesBuildPhase section */

/* Begin PBXVariantGroup section */
		089C165CFE840E0CC02AAC07 /* InfoPlist.strings */ = {
			isa = PBXVariantGroup;
			children = (
				089C165DFE840E0CC02AAC07 /* English */,
			);
			name = InfoPlist.strings;
			sourceTree = "<group>";
		};
		1DDD58140DA1D0A300B32029 /* MainMenu.xib */ = {
			isa = PBXVariantGroup;
			children = (
				1DDD58150DA1D0A300B32029 /* English */,
			);
			name = MainMenu.xib;
			sourceTree = "<group>";
		};
/* End PBXVariantGroup section */

/* Begin XCBuildConfiguration section */
		C01FCF4B08A954540054247B /* Debug */ = {
			isa = XCBuildConfiguration;
			buildSettings = {
				ALWAYS_SEARCH_USER_PATHS = NO;
				CLANG_CXX_LANGUAGE_STANDARD = "gnu++0x";
				CLANG_CXX_LIBRARY = "libc++";
				COPY_PHASE_STRIP = NO;
				FRAMEWORK_SEARCH_PATHS = (
					"$(inherited)",
					"\"$(SYSTEM_APPS_DIR)/Xcode.app/Contents/Developer/Platforms/MacOSX.platform/Developer/SDKs/MacOSX10.7.sdk/System/Library/Frameworks\"",
				);
				GCC_DYNAMIC_NO_PIC = NO;
				GCC_ENABLE_FIX_AND_CONTINUE = YES;
				GCC_MODEL_TUNING = G5;
				GCC_OPTIMIZATION_LEVEL = 0;
				GCC_PRECOMPILE_PREFIX_HEADER = YES;
				GCC_PREFIX_HEADER = AirHarp_Prefix.pch;
				GCC_PREPROCESSOR_DEFINITIONS = __MACOSX_CORE__;
				HEADER_SEARCH_PATHS = (
					../GLTools/include,
					"~/Leap_SDK/include",
					"~/muskit/src",
				);
				INFOPLIST_FILE = "AirHarp-Info.plist";
				INSTALL_PATH = "$(HOME)/Applications";
				LIBRARY_SEARCH_PATHS = (
					"$(inherited)",
					"\"$(SRCROOT)/../../Leap_SDK/lib\"",
				);
				PRODUCT_NAME = AirHarp;
				SDKROOT = macosx10.7;
			};
			name = Debug;
		};
		C01FCF4C08A954540054247B /* Release */ = {
			isa = XCBuildConfiguration;
			buildSettings = {
				ALWAYS_SEARCH_USER_PATHS = NO;
				CLANG_CXX_LANGUAGE_STANDARD = "gnu++0x";
				CLANG_CXX_LIBRARY = "libc++";
				DEBUG_INFORMATION_FORMAT = "dwarf-with-dsym";
				FRAMEWORK_SEARCH_PATHS = (
					"$(inherited)",
					"\"$(SYSTEM_APPS_DIR)/Xcode.app/Contents/Developer/Platforms/MacOSX.platform/Developer/SDKs/MacOSX10.7.sdk/System/Library/Frameworks\"",
				);
				GCC_MODEL_TUNING = G5;
				GCC_PRECOMPILE_PREFIX_HEADER = YES;
				GCC_PREFIX_HEADER = AirHarp_Prefix.pch;
				GCC_PREPROCESSOR_DEFINITIONS = __MACOSX_CORE__;
				HEADER_SEARCH_PATHS = (
					../GLTools/include,
					"~/Leap_SDK/include",
					"~/muskit/src",
				);
				INFOPLIST_FILE = "AirHarp-Info.plist";
				INSTALL_PATH = "$(HOME)/Applications";
				LIBRARY_SEARCH_PATHS = (
					"$(inherited)",
					"\"$(SRCROOT)/../../Leap_SDK/lib\"",
				);
				PRODUCT_NAME = AirHarp;
				SDKROOT = macosx10.7;
			};
			name = Release;
		};
		C01FCF4F08A954540054247B /* Debug */ = {
			isa = XCBuildConfiguration;
			buildSettings = {
				ARCHS = "$(ARCHS_STANDARD_32_64_BIT)";
				GCC_C_LANGUAGE_STANDARD = gnu99;
				GCC_OPTIMIZATION_LEVEL = 0;
				GCC_WARN_ABOUT_RETURN_TYPE = YES;
				GCC_WARN_UNUSED_VARIABLE = YES;
				HEADER_SEARCH_PATHS = "$(GLTOOLS_INCLUDE)";
				ONLY_ACTIVE_ARCH = YES;
				PREBINDING = NO;
				SDKROOT = macosx10.6;
			};
			name = Debug;
		};
		C01FCF5008A954540054247B /* Release */ = {
			isa = XCBuildConfiguration;
			buildSettings = {
				ARCHS = "$(ARCHS_STANDARD_32_64_BIT)";
				GCC_C_LANGUAGE_STANDARD = gnu99;
				GCC_WARN_ABOUT_RETURN_TYPE = YES;
				GCC_WARN_UNUSED_VARIABLE = YES;
				HEADER_SEARCH_PATHS = "$(GLTOOLS_INCLUDE)";
				PREBINDING = NO;
				SDKROOT = macosx10.6;
			};
			name = Release;
		};
/* End XCBuildConfiguration section */

/* Begin XCConfigurationList section */
		C01FCF4A08A954540054247B /* Build configuration list for PBXNativeTarget "AirHarp" */ = {
			isa = XCConfigurationList;
			buildConfigurations = (
				C01FCF4B08A954540054247B /* Debug */,
				C01FCF4C08A954540054247B /* Release */,
			);
			defaultConfigurationIsVisible = 0;
			defaultConfigurationName = Release;
		};
		C01FCF4E08A954540054247B /* Build configuration list for PBXProject "AirHarp" */ = {
			isa = XCConfigurationList;
			buildConfigurations = (
				C01FCF4F08A954540054247B /* Debug */,
				C01FCF5008A954540054247B /* Release */,
			);
			defaultConfigurationIsVisible = 0;
			defaultConfigurationName = Release;
		};
/* End XCConfigurationList section */
	};
	rootObject = 29B97313FDCFA39411CA2CEA /* Project object */;
}
